
Microsoft Visual Studio Solution File, Format Version 12.00
# Visual Studio Version 17
VisualStudioVersion = 17.0.32014.148
MinimumVisualStudioVersion = 10.0.40219.1
Project("{FAE04EC0-301F-11D3-BF4B-00C04F79EFBC}") = "TextureDownloader", "TextureDownloader\TextureDownloader.csproj", "{4AE7B667-C8C0-45D8-ACFD-A2E91D242B66}"
EndProject
Global
	GlobalSection(SolutionConfigurationPlatforms) = preSolution
		Debug|Any CPU = Debug|Any CPU
		Release|Any CPU = Release|Any CPU
	EndGlobalSection
	GlobalSection(ProjectConfigurationPlatforms) = postSolution
		{4AE7B667-C8C0-45D8-ACFD-A2E91D242B66}.Debug|Any CPU.ActiveCfg = Debug|Any CPU
		{4AE7B667-C8C0-45D8-ACFD-A2E91D242B66}.Debug|Any CPU.Build.0 = Debug|Any CPU
		{4AE7B667-C8C0-45D8-ACFD-A2E91D242B66}.Release|Any CPU.ActiveCfg = Release|Any CPU
		{4AE7B667-C8C0-45D8-ACFD-A2E91D242B66}.Release|Any CPU.Build.0 = Release|Any CPU
	EndGlobalSection
	GlobalSection(SolutionProperties) = preSolution
		HideSolutionNode = FALSE
	EndGlobalSection
	GlobalSection(ExtensibilityGlobals) = postSolution
		SolutionGuid = {4BFC1AE9-1485-4D63-8DE1-630DEFB440D1}
	EndGlobalSection
EndGlobal
